
Microsoft Visual Studio Solution File, Format Version 12.00
# Visual Studio Version 16
VisualStudioVersion = 16.0.29911.84
MinimumVisualStudioVersion = 10.0.40219.1
Project("{8BC9CEB8-8B4A-11D0-8D11-00A0C91BC942}") = "warezdude", "warezdude.vcxproj", "{BB496E1F-60E6-4C2F-A765-7347CE1D8054}"
EndProject
Global
	GlobalSection(SolutionConfigurationPlatforms) = preSolution
		Debug|x64 = Debug|x64
		Debug|x86 = Debug|x86
		Release|x64 = Release|x64
		Release|x86 = Release|x86
	EndGlobalSection
	GlobalSection(ProjectConfigurationPlatforms) = postSolution
		{BB496E1F-60E6-4C2F-A765-7347CE1D8054}.Debug|x64.ActiveCfg = Debug|x64
		{BB496E1F-60E6-4C2F-A765-7347CE1D8054}.Debug|x64.Build.0 = Debug|x64
		{BB496E1F-60E6-4C2F-A765-7347CE1D8054}.Debug|x86.ActiveCfg = Debug|Win32
		{BB496E1F-60E6-4C2F-A765-7347CE1D8054}.Debug|x86.Build.0 = Debug|Win32
		{BB496E1F-60E6-4C2F-A765-7347CE1D8054}.Release|x64.ActiveCfg = Debug|x64
		{BB496E1F-60E6-4C2F-A765-7347CE1D8054}.Release|x64.Build.0 = Debug|x64
		{BB496E1F-60E6-4C2F-A765-7347CE1D8054}.Release|x86.ActiveCfg = Release|Win32
		{BB496E1F-60E6-4C2F-A765-7347CE1D8054}.Release|x86.Build.0 = Release|Win32
	EndGlobalSection
	GlobalSection(SolutionProperties) = preSolution
		HideSolutionNode = FALSE
	EndGlobalSection
	GlobalSection(ExtensibilityGlobals) = postSolution
		SolutionGuid = {C7718676-845B-419A-982A-6E4C5E80B732}
	EndGlobalSection
EndGlobal
